
Microsoft Visual Studio Solution File, Format Version 12.00
# Visual Studio Version 16
VisualStudioVersion = 16.0.31729.503
MinimumVisualStudioVersion = 10.0.40219.1
Project("{FAE04EC0-301F-11D3-BF4B-00C04F79EFBC}") = "S7.Android", "S7.Android\S7.Android.csproj", "{FADC230F-3D49-420C-A495-1409A8574EE3}"
EndProject
Project("{FAE04EC0-301F-11D3-BF4B-00C04F79EFBC}") = "S7.iOS", "S7.iOS\S7.iOS.csproj", "{CED0B3D1-B8EA-4DF7-BEC1-2A6162B36879}"
EndProject
Project("{FAE04EC0-301F-11D3-BF4B-00C04F79EFBC}") = "S7", "S7\S7.csproj", "{8FB52497-C878-4233-917F-E676A9796E84}"
EndProject
Global
	GlobalSection(SolutionConfigurationPlatforms) = preSolution
		Debug|Any CPU = Debug|Any CPU
		Debug|iPhone = Debug|iPhone
		Debug|iPhoneSimulator = Debug|iPhoneSimulator
		Release|Any CPU = Release|Any CPU
		Release|iPhone = Release|iPhone
		Release|iPhoneSimulator = Release|iPhoneSimulator
	EndGlobalSection
	GlobalSection(ProjectConfigurationPlatforms) = postSolution
		{FADC230F-3D49-420C-A495-1409A8574EE3}.Debug|Any CPU.ActiveCfg = Debug|Any CPU
		{FADC230F-3D49-420C-A495-1409A8574EE3}.Debug|Any CPU.Build.0 = Debug|Any CPU
		{FADC230F-3D49-420C-A495-1409A8574EE3}.Debug|Any CPU.Deploy.0 = Debug|Any CPU
		{FADC230F-3D49-420C-A495-1409A8574EE3}.Debug|iPhone.ActiveCfg = Debug|Any CPU
		{FADC230F-3D49-420C-A495-1409A8574EE3}.Debug|iPhone.Build.0 = Debug|Any CPU
		{FADC230F-3D49-420C-A495-1409A8574EE3}.Debug|iPhone.Deploy.0 = Debug|Any CPU
		{FADC230F-3D49-420C-A495-1409A8574EE3}.Debug|iPhoneSimulator.ActiveCfg = Debug|Any CPU
		{FADC230F-3D49-420C-A495-1409A8574EE3}.Debug|iPhoneSimulator.Build.0 = Debug|Any CPU
		{FADC230F-3D49-420C-A495-1409A8574EE3}.Debug|iPhoneSimulator.Deploy.0 = Debug|Any CPU
		{FADC230F-3D49-420C-A495-1409A8574EE3}.Release|Any CPU.ActiveCfg = Release|Any CPU
		{FADC230F-3D49-420C-A495-1409A8574EE3}.Release|Any CPU.Build.0 = Release|Any CPU
		{FADC230F-3D49-420C-A495-1409A8574EE3}.Release|Any CPU.Deploy.0 = Release|Any CPU
		{FADC230F-3D49-420C-A495-1409A8574EE3}.Release|iPhone.ActiveCfg = Release|Any CPU
		{FADC230F-3D49-420C-A495-1409A8574EE3}.Release|iPhone.Build.0 = Release|Any CPU
		{FADC230F-3D49-420C-A495-1409A8574EE3}.Release|iPhone.Deploy.0 = Release|Any CPU
		{FADC230F-3D49-420C-A495-1409A8574EE3}.Release|iPhoneSimulator.ActiveCfg = Release|Any CPU
		{FADC230F-3D49-420C-A495-1409A8574EE3}.Release|iPhoneSimulator.Build.0 = Release|Any CPU
		{FADC230F-3D49-420C-A495-1409A8574EE3}.Release|iPhoneSimulator.Deploy.0 = Release|Any CPU
		{CED0B3D1-B8EA-4DF7-BEC1-2A6162B36879}.Debug|Any CPU.ActiveCfg = Debug|iPhone
		{CED0B3D1-B8EA-4DF7-BEC1-2A6162B36879}.Debug|Any CPU.Build.0 = Debug|iPhone
		{CED0B3D1-B8EA-4DF7-BEC1-2A6162B36879}.Debug|Any CPU.Deploy.0 = Debug|iPhone
		{CED0B3D1-B8EA-4DF7-BEC1-2A6162B36879}.Debug|iPhone.ActiveCfg = Debug|iPhone
		{CED0B3D1-B8EA-4DF7-BEC1-2A6162B36879}.Debug|iPhone.Build.0 = Debug|iPhone
		{CED0B3D1-B8EA-4DF7-BEC1-2A6162B36879}.Debug|iPhone.Deploy.0 = Debug|iPhone
		{CED0B3D1-B8EA-4DF7-BEC1-2A6162B36879}.Debug|iPhoneSimulator.ActiveCfg = Debug|iPhoneSimulator
		{CED0B3D1-B8EA-4DF7-BEC1-2A6162B36879}.Debug|iPhoneSimulator.Build.0 = Debug|iPhoneSimulator
		{CED0B3D1-B8EA-4DF7-BEC1-2A6162B36879}.Debug|iPhoneSimulator.Deploy.0 = Debug|iPhoneSimulator
		{CED0B3D1-B8EA-4DF7-BEC1-2A6162B36879}.Release|Any CPU.ActiveCfg = Release|iPhoneSimulator
		{CED0B3D1-B8EA-4DF7-BEC1-2A6162B36879}.Release|Any CPU.Build.0 = Release|iPhoneSimulator
		{CED0B3D1-B8EA-4DF7-BEC1-2A6162B36879}.Release|Any CPU.Deploy.0 = Release|iPhoneSimulator
		{CED0B3D1-B8EA-4DF7-BEC1-2A6162B36879}.Release|iPhone.ActiveCfg = Release|iPhone
		{CED0B3D1-B8EA-4DF7-BEC1-2A6162B36879}.Release|iPhone.Build.0 = Release|iPhone
		{CED0B3D1-B8EA-4DF7-BEC1-2A6162B36879}.Release|iPhone.Deploy.0 = Release|iPhone
		{CED0B3D1-B8EA-4DF7-BEC1-2A6162B36879}.Release|iPhoneSimulator.ActiveCfg = Release|iPhoneSimulator
		{CED0B3D1-B8EA-4DF7-BEC1-2A6162B36879}.Release|iPhoneSimulator.Build.0 = Release|iPhoneSimulator
		{CED0B3D1-B8EA-4DF7-BEC1-2A6162B36879}.Release|iPhoneSimulator.Deploy.0 = Release|iPhoneSimulator
		{8FB52497-C878-4233-917F-E676A9796E84}.Debug|Any CPU.ActiveCfg = Debug|Any CPU
		{8FB52497-C878-4233-917F-E676A9796E84}.Debug|Any CPU.Build.0 = Debug|Any CPU
		{8FB52497-C878-4233-917F-E676A9796E84}.Debug|Any CPU.Deploy.0 = Debug|Any CPU
		{8FB52497-C878-4233-917F-E676A9796E84}.Debug|iPhone.ActiveCfg = Debug|Any CPU
		{8FB52497-C878-4233-917F-E676A9796E84}.Debug|iPhone.Build.0 = Debug|Any CPU
		{8FB52497-C878-4233-917F-E676A9796E84}.Debug|iPhone.Deploy.0 = Debug|Any CPU
		{8FB52497-C878-4233-917F-E676A9796E84}.Debug|iPhoneSimulator.ActiveCfg = Debug|Any CPU
		{8FB52497-C878-4233-917F-E676A9796E84}.Debug|iPhoneSimulator.Build.0 = Debug|Any CPU
		{8FB52497-C878-4233-917F-E676A9796E84}.Debug|iPhoneSimulator.Deploy.0 = Debug|Any CPU
		{8FB52497-C878-4233-917F-E676A9796E84}.Release|Any CPU.ActiveCfg = Release|Any CPU
		{8FB52497-C878-4233-917F-E676A9796E84}.Release|Any CPU.Build.0 = Release|Any CPU
		{8FB52497-C878-4233-917F-E676A9796E84}.Release|Any CPU.Deploy.0 = Release|Any CPU
		{8FB52497-C878-4233-917F-E676A9796E84}.Release|iPhone.ActiveCfg = Release|Any CPU
		{8FB52497-C878-4233-917F-E676A9796E84}.Release|iPhone.Build.0 = Release|Any CPU
		{8FB52497-C878-4233-917F-E676A9796E84}.Release|iPhone.Deploy.0 = Release|Any CPU
		{8FB52497-C878-4233-917F-E676A9796E84}.Release|iPhoneSimulator.ActiveCfg = Release|Any CPU
		{8FB52497-C878-4233-917F-E676A9796E84}.Release|iPhoneSimulator.Build.0 = Release|Any CPU
		{8FB52497-C878-4233-917F-E676A9796E84}.Release|iPhoneSimulator.Deploy.0 = Release|Any CPU
	EndGlobalSection
	GlobalSection(SolutionProperties) = preSolution
		HideSolutionNode = FALSE
	EndGlobalSection
	GlobalSection(ExtensibilityGlobals) = postSolution
		SolutionGuid = {7731F816-C99B-4146-B224-5AD1FF61E50A}
	EndGlobalSection
EndGlobal
